
Microsoft Visual Studio Solution File, Format Version 12.00
# Visual Studio Version 17
VisualStudioVersion = 17.2.32519.379
MinimumVisualStudioVersion = 10.0.40219.1
Project("{9A19103F-16F7-4668-BE54-9A1E7A4F7556}") = "SecondV", "SecondV.csproj", "{47E58116-109C-4D43-AF58-4D4E88DB16F5}"
EndProject
Global
	GlobalSection(SolutionConfigurationPlatforms) = preSolution
		Debug|Any CPU = Debug|Any CPU
		Release|Any CPU = Release|Any CPU
	EndGlobalSection
	GlobalSection(ProjectConfigurationPlatforms) = postSolution
		{47E58116-109C-4D43-AF58-4D4E88DB16F5}.Debug|Any CPU.ActiveCfg = Debug|Any CPU
		{47E58116-109C-4D43-AF58-4D4E88DB16F5}.Debug|Any CPU.Build.0 = Debug|Any CPU
		{47E58116-109C-4D43-AF58-4D4E88DB16F5}.Release|Any CPU.ActiveCfg = Release|Any CPU
		{47E58116-109C-4D43-AF58-4D4E88DB16F5}.Release|Any CPU.Build.0 = Release|Any CPU
	EndGlobalSection
	GlobalSection(SolutionProperties) = preSolution
		HideSolutionNode = FALSE
	EndGlobalSection
	GlobalSection(ExtensibilityGlobals) = postSolution
		SolutionGuid = {DE506308-6EE2-49DA-85BE-583C57186A1A}
	EndGlobalSection
EndGlobal
